
Microsoft Visual Studio Solution File, Format Version 12.00
# Visual Studio Version 17
VisualStudioVersion = 17.13.35931.197
MinimumVisualStudioVersion = 10.0.40219.1
Project("{FAE04EC0-301F-11D3-BF4B-00C04F79EFBC}") = "ISH_APP", "ISH_APP.csproj", "{DADAEF4D-495F-4461-8000-83417C8EC7C6}"
EndProject
Global
	GlobalSection(SolutionConfigurationPlatforms) = preSolution
		Debug|Any CPU = Debug|Any CPU
		Release|Any CPU = Release|Any CPU
	EndGlobalSection
	GlobalSection(ProjectConfigurationPlatforms) = postSolution
		{DADAEF4D-495F-4461-8000-83417C8EC7C6}.Debug|Any CPU.ActiveCfg = Debug|Any CPU
		{DADAEF4D-495F-4461-8000-83417C8EC7C6}.Debug|Any CPU.Build.0 = Debug|Any CPU
		{DADAEF4D-495F-4461-8000-83417C8EC7C6}.Release|Any CPU.ActiveCfg = Release|Any CPU
		{DADAEF4D-495F-4461-8000-83417C8EC7C6}.Release|Any CPU.Build.0 = Release|Any CPU
	EndGlobalSection
	GlobalSection(SolutionProperties) = preSolution
		HideSolutionNode = FALSE
	EndGlobalSection
	GlobalSection(ExtensibilityGlobals) = postSolution
		SolutionGuid = {8D905C6F-E1F2-4FA2-A09E-BB7E24B5BB07}
	EndGlobalSection
EndGlobal
